<?xml version="1.0" encoding="utf-8"?>
<Project ToolsVersion="4.0" xmlns="http://schemas.microsoft.com/developer/msbuild/2003">
  <ItemGroup>
    <Filter Include="Src">
      <UniqueIdentifier>{231a8bd7-2f5a-441d-8da2-5593d74386a8}</UniqueIdentifier>
    </Filter>
    <Filter Include="Src\Math">
      <UniqueIdentifier>{19f899f2-146d-4a0c-864d-c3d06e9e448b}</UniqueIdentifier>
    </Filter>
    <Filter Include="Src\Math\Geometry">
      <UniqueIdentifier>{54ca4be4-ca1c-458a-b191-764fe7bfd7f1}</UniqueIdentifier>
    </Filter>
    <Filter Include="Src\Camera">
      <UniqueIdentifier>{4bc56e54-d473-463e-8319-e337d667fe08}</UniqueIdentifier>
    </Filter>
    <Filter Include="Src\Core">
      <UniqueIdentifier>{e4478e03-2587-421d-9118-16c19f446909}</UniqueIdentifier>
    </Filter>
    <Filter Include="Src\Entity">
      <UniqueIdentifier>{ece512cb-a3ed-4aee-b631-8579551c98d9}</UniqueIdentifier>
    </Filter>
    <Filter Include="Src\Material">
      <UniqueIdentifier>{c2e0aa58-5350-4230-926b-6569f0fd94b7}</UniqueIdentifier>
    </Filter>
    <Filter Include="Src\Integrator">
      <UniqueIdentifier>{319a0b6a-338d-4002-bc1f-1ace338d5b9c}</UniqueIdentifier>
    </Filter>
    <Filter Include="Src\Renderer">
      <UniqueIdentifier>{2966a9f7-e68e-4f89-957c-ad86c91e77ef}</UniqueIdentifier>
    </Filter>
    <Filter Include="Src\Light">
      <UniqueIdentifier>{52bee698-8b6e-4175-9211-b3a11989bbf4}</UniqueIdentifier>
    </Filter>
    <Filter Include="Src\Sample">
      <UniqueIdentifier>{ca9c9d58-7afe-4333-8c76-f3491e7774b8}</UniqueIdentifier>
    </Filter>
  </ItemGroup>
  <ItemGroup>
    <ClCompile Include="..\..\..\Src\Math\Geometry\Sphere.cpp">
      <Filter>Src\Math\Geometry</Filter>
    </ClCompile>
    <ClCompile Include="..\..\..\Src\Camera\PerspectiveCamera.cpp">
      <Filter>Src\Camera</Filter>
    </ClCompile>
    <ClCompile Include="..\..\..\Src\Math\Geometry\TriangleAux.cpp">
      <Filter>Src\Math\Geometry</Filter>
    </ClCompile>
    <ClCompile Include="..\..\..\Src\Math\Geometry\TriangleMesh.cpp">
      <Filter>Src\Math\Geometry</Filter>
    </ClCompile>
    <ClCompile Include="..\..\..\Src\Entity\GeometryEntity.cpp">
      <Filter>Src\Entity</Filter>
    </ClCompile>
    <ClCompile Include="..\..\..\Src\Material\PureColor.cpp">
      <Filter>Src\Material</Filter>
    </ClCompile>
    <ClCompile Include="..\..\..\Src\Renderer\Native1sppRenderer.cpp">
      <Filter>Src\Renderer</Filter>
    </ClCompile>
    <ClCompile Include="..\..\..\Src\Light\PointLight.cpp">
      <Filter>Src\Light</Filter>
    </ClCompile>
    <ClCompile Include="..\..\..\Src\Integrator\WhittedRayTracer.cpp">
      <Filter>Src\Integrator</Filter>
    </ClCompile>
    <ClCompile Include="..\..\..\Src\Core\Integrator.cpp">
      <Filter>Src\Core</Filter>
    </ClCompile>
    <ClCompile Include="..\..\..\Src\Integrator\AmbientRayTracer.cpp">
      <Filter>Src\Integrator</Filter>
    </ClCompile>
    <ClCompile Include="..\..\..\Src\Sample\Sample.cpp">
      <Filter>Src\Sample</Filter>
    </ClCompile>
    <ClCompile Include="..\..\..\Src\Material\Diffuse.cpp">
      <Filter>Src\Material</Filter>
    </ClCompile>
    <ClCompile Include="..\..\..\Src\Material\IdealGlass.cpp">
      <Filter>Src\Material</Filter>
    </ClCompile>
    <ClCompile Include="..\..\..\Src\Material\FresnelFormulae.cpp">
      <Filter>Src\Material</Filter>
    </ClCompile>
  </ItemGroup>
  <ItemGroup>
    <ClInclude Include="..\..\..\Src\Math\AGZMath.h">
      <Filter>Src\Math</Filter>
    </ClInclude>
    <ClInclude Include="..\..\..\Src\Math\Ray.h">
      <Filter>Src\Math</Filter>
    </ClInclude>
    <ClInclude Include="..\..\..\Src\Math\Geometry.h">
      <Filter>Src\Math</Filter>
    </ClInclude>
    <ClInclude Include="..\..\..\Src\Math\Differential.h">
      <Filter>Src\Math</Filter>
    </ClInclude>
    <ClInclude Include="..\..\..\Src\Math\Geometry\Sphere.h">
      <Filter>Src\Math\Geometry</Filter>
    </ClInclude>
    <ClInclude Include="..\..\..\Src\Common.h">
      <Filter>Src</Filter>
    </ClInclude>
    <ClInclude Include="..\..\..\Src\Math\Transform.h">
      <Filter>Src\Math</Filter>
    </ClInclude>
    <ClInclude Include="..\..\..\Src\Camera\PerspectiveCamera.h">
      <Filter>Src\Camera</Filter>
    </ClInclude>
    <ClInclude Include="..\..\..\Src\Math\Geometry\TriangleAux.h">
      <Filter>Src\Math\Geometry</Filter>
    </ClInclude>
    <ClInclude Include="..\..\..\Src\Math\Geometry\TriangleMesh.h">
      <Filter>Src\Math\Geometry</Filter>
    </ClInclude>
    <ClInclude Include="..\..\..\Src\Core\Camera.h">
      <Filter>Src\Core</Filter>
    </ClInclude>
    <ClInclude Include="..\..\..\Src\Core\Entity.h">
      <Filter>Src\Core</Filter>
    </ClInclude>
    <ClInclude Include="..\..\..\Src\Core\Integrator.h">
      <Filter>Src\Core</Filter>
    </ClInclude>
    <ClInclude Include="..\..\..\Src\Core\Renderer.h">
      <Filter>Src\Core</Filter>
    </ClInclude>
    <ClInclude Include="..\..\..\Src\Core\Spectrum.h">
      <Filter>Src\Core</Filter>
    </ClInclude>
    <ClInclude Include="..\..\..\Src\Entity\GeometryEntity.h">
      <Filter>Src\Entity</Filter>
    </ClInclude>
    <ClInclude Include="..\..\..\Src\Core\Material.h">
      <Filter>Src\Core</Filter>
    </ClInclude>
    <ClInclude Include="..\..\..\Src\Material\PureColor.h">
      <Filter>Src\Material</Filter>
    </ClInclude>
    <ClInclude Include="..\..\..\Src\Renderer\Native1sppRenderer.h">
      <Filter>Src\Renderer</Filter>
    </ClInclude>
    <ClInclude Include="..\..\..\Src\Renderer\SubareaRenderer.h">
      <Filter>Src\Renderer</Filter>
    </ClInclude>
    <ClInclude Include="..\..\..\Src\Renderer\NativeParallelRenderer.h">
      <Filter>Src\Renderer</Filter>
    </ClInclude>
    <ClInclude Include="..\..\..\Src\Core\Light.h">
      <Filter>Src\Core</Filter>
    </ClInclude>
    <ClInclude Include="..\..\..\Src\Light\PointLight.h">
      <Filter>Src\Light</Filter>
    </ClInclude>
    <ClInclude Include="..\..\..\Src\Integrator\WhittedRayTracer.h">
      <Filter>Src\Integrator</Filter>
    </ClInclude>
    <ClInclude Include="..\..\..\Src\Integrator\AmbientRayTracer.h">
      <Filter>Src\Integrator</Filter>
    </ClInclude>
    <ClInclude Include="..\..\..\Src\Sample\Sample.h">
      <Filter>Src\Sample</Filter>
    </ClInclude>
    <ClInclude Include="..\..\..\Src\Sample\GlobalSampleGenerator.h">
      <Filter>Src\Sample</Filter>
    </ClInclude>
    <ClInclude Include="..\..\..\Src\Sample\SampleSequence.h">
      <Filter>Src\Sample</Filter>
    </ClInclude>
    <ClInclude Include="..\..\..\Src\Sample\BufferedSampleSequence.h">
      <Filter>Src\Sample</Filter>
    </ClInclude>
    <ClInclude Include="..\..\..\Src\Material\Diffuse.h">
      <Filter>Src\Material</Filter>
    </ClInclude>
    <ClInclude Include="..\..\..\Src\Material\IdealGlass.h">
      <Filter>Src\Material</Filter>
    </ClInclude>
    <ClInclude Include="..\..\..\Src\Material\FresnelFormulae.h">
      <Filter>Src\Material</Filter>
    </ClInclude>
  </ItemGroup>
</Project>