<?xml version="1.0" encoding="utf-8"?>
<Project ToolsVersion="4.0" xmlns="http://schemas.microsoft.com/developer/msbuild/2003">
  <ItemGroup>
    <Filter Include="Src">
      <UniqueIdentifier>{231a8bd7-2f5a-441d-8da2-5593d74386a8}</UniqueIdentifier>
    </Filter>
    <Filter Include="Src\Math">
      <UniqueIdentifier>{19f899f2-146d-4a0c-864d-c3d06e9e448b}</UniqueIdentifier>
    </Filter>
    <Filter Include="Src\Math\Geometry">
      <UniqueIdentifier>{54ca4be4-ca1c-458a-b191-764fe7bfd7f1}</UniqueIdentifier>
    </Filter>
    <Filter Include="Src\Camera">
      <UniqueIdentifier>{4bc56e54-d473-463e-8319-e337d667fe08}</UniqueIdentifier>
    </Filter>
    <Filter Include="Src\Misc">
      <UniqueIdentifier>{89a9ed88-33a6-4e94-bbf6-3b67330c8a16}</UniqueIdentifier>
    </Filter>
    <Filter Include="Src\Integrator">
      <UniqueIdentifier>{37165295-ca26-48c1-9848-6bcde3adee80}</UniqueIdentifier>
    </Filter>
    <Filter Include="Src\Renderer">
      <UniqueIdentifier>{1d4250a0-b50d-46da-b11c-029516b33538}</UniqueIdentifier>
    </Filter>
    <Filter Include="Src\Material">
      <UniqueIdentifier>{3a386be9-14b5-46a3-acc1-3e00d859a8d6}</UniqueIdentifier>
    </Filter>
  </ItemGroup>
  <ItemGroup>
    <ClCompile Include="..\..\..\Src\Math\Geometry\Sphere.cpp">
      <Filter>Src\Math\Geometry</Filter>
    </ClCompile>
    <ClCompile Include="..\..\..\Src\Camera\PerspectiveCamera.cpp">
      <Filter>Src\Camera</Filter>
    </ClCompile>
    <ClCompile Include="..\..\..\Src\Math\Geometry\TriangleAux.cpp">
      <Filter>Src\Math\Geometry</Filter>
    </ClCompile>
  </ItemGroup>
  <ItemGroup>
    <ClInclude Include="..\..\..\Src\Math\AGZMath.h">
      <Filter>Src\Math</Filter>
    </ClInclude>
    <ClInclude Include="..\..\..\Src\Math\Ray.h">
      <Filter>Src\Math</Filter>
    </ClInclude>
    <ClInclude Include="..\..\..\Src\Math\Geometry.h">
      <Filter>Src\Math</Filter>
    </ClInclude>
    <ClInclude Include="..\..\..\Src\Math\Differential.h">
      <Filter>Src\Math</Filter>
    </ClInclude>
    <ClInclude Include="..\..\..\Src\Math\Geometry\Sphere.h">
      <Filter>Src\Math\Geometry</Filter>
    </ClInclude>
    <ClInclude Include="..\..\..\Src\Common.h">
      <Filter>Src</Filter>
    </ClInclude>
    <ClInclude Include="..\..\..\Src\Math\Transform.h">
      <Filter>Src\Math</Filter>
    </ClInclude>
    <ClInclude Include="..\..\..\Src\Camera\Camera.h">
      <Filter>Src\Camera</Filter>
    </ClInclude>
    <ClInclude Include="..\..\..\Src\Misc\Spectrum.h">
      <Filter>Src\Misc</Filter>
    </ClInclude>
    <ClInclude Include="..\..\..\Src\Integrator\Integrator.h">
      <Filter>Src\Integrator</Filter>
    </ClInclude>
    <ClInclude Include="..\..\..\Src\Renderer\Renderer.h">
      <Filter>Src\Renderer</Filter>
    </ClInclude>
    <ClInclude Include="..\..\..\Src\Camera\PerspectiveCamera.h">
      <Filter>Src\Camera</Filter>
    </ClInclude>
    <ClInclude Include="..\..\..\Src\Material\BxDF.h">
      <Filter>Src\Material</Filter>
    </ClInclude>
    <ClInclude Include="..\..\..\Src\Math\Sample.h">
      <Filter>Src\Math</Filter>
    </ClInclude>
    <ClInclude Include="..\..\..\Src\Math\Geometry\TriangleAux.h">
      <Filter>Src\Math\Geometry</Filter>
    </ClInclude>
  </ItemGroup>
</Project>