
Microsoft Visual Studio Solution File, Format Version 12.00
# Visual Studio 15
VisualStudioVersion = 15.0.27130.2027
MinimumVisualStudioVersion = 10.0.40219.1
Project("{8BC9CEB8-8B4A-11D0-8D11-00A0C91BC942}") = "Atrc", "Atrc\Atrc.vcxproj", "{EF86C4FE-078A-408A-BF16-D0CBB337D9CB}"
EndProject
Project("{8BC9CEB8-8B4A-11D0-8D11-00A0C91BC942}") = "Test", "Test\Test.vcxproj", "{58AB4D0E-5F4D-49E9-9E67-6B249FBB172F}"
	ProjectSection(ProjectDependencies) = postProject
		{EF86C4FE-078A-408A-BF16-D0CBB337D9CB} = {EF86C4FE-078A-408A-BF16-D0CBB337D9CB}
	EndProjectSection
EndProject
Project("{8BC9CEB8-8B4A-11D0-8D11-00A0C91BC942}") = "Example_AmbientIntegrator", "Example_AmbientIntegrator\Example_AmbientIntegrator.vcxproj", "{72DCC3AD-A757-404A-B4BB-7FC456A4BA76}"
	ProjectSection(ProjectDependencies) = postProject
		{EF86C4FE-078A-408A-BF16-D0CBB337D9CB} = {EF86C4FE-078A-408A-BF16-D0CBB337D9CB}
	EndProjectSection
EndProject
Project("{8BC9CEB8-8B4A-11D0-8D11-00A0C91BC942}") = "Example_WhittedIntegrator", "Example_WhittedIntegrator\Example_WhittedIntegrator.vcxproj", "{BAA8FC95-3FE1-4EFF-B74B-54B744841BB1}"
	ProjectSection(ProjectDependencies) = postProject
		{EF86C4FE-078A-408A-BF16-D0CBB337D9CB} = {EF86C4FE-078A-408A-BF16-D0CBB337D9CB}
	EndProjectSection
EndProject
Global
	GlobalSection(SolutionConfigurationPlatforms) = preSolution
		Debug|x64 = Debug|x64
		Debug|x86 = Debug|x86
		Release|x64 = Release|x64
		Release|x86 = Release|x86
	EndGlobalSection
	GlobalSection(ProjectConfigurationPlatforms) = postSolution
		{EF86C4FE-078A-408A-BF16-D0CBB337D9CB}.Debug|x64.ActiveCfg = Debug|x64
		{EF86C4FE-078A-408A-BF16-D0CBB337D9CB}.Debug|x64.Build.0 = Debug|x64
		{EF86C4FE-078A-408A-BF16-D0CBB337D9CB}.Debug|x86.ActiveCfg = Debug|Win32
		{EF86C4FE-078A-408A-BF16-D0CBB337D9CB}.Debug|x86.Build.0 = Debug|Win32
		{EF86C4FE-078A-408A-BF16-D0CBB337D9CB}.Release|x64.ActiveCfg = Release|x64
		{EF86C4FE-078A-408A-BF16-D0CBB337D9CB}.Release|x64.Build.0 = Release|x64
		{EF86C4FE-078A-408A-BF16-D0CBB337D9CB}.Release|x86.ActiveCfg = Release|Win32
		{EF86C4FE-078A-408A-BF16-D0CBB337D9CB}.Release|x86.Build.0 = Release|Win32
		{58AB4D0E-5F4D-49E9-9E67-6B249FBB172F}.Debug|x64.ActiveCfg = Debug|x64
		{58AB4D0E-5F4D-49E9-9E67-6B249FBB172F}.Debug|x64.Build.0 = Debug|x64
		{58AB4D0E-5F4D-49E9-9E67-6B249FBB172F}.Debug|x86.ActiveCfg = Debug|Win32
		{58AB4D0E-5F4D-49E9-9E67-6B249FBB172F}.Debug|x86.Build.0 = Debug|Win32
		{58AB4D0E-5F4D-49E9-9E67-6B249FBB172F}.Release|x64.ActiveCfg = Release|x64
		{58AB4D0E-5F4D-49E9-9E67-6B249FBB172F}.Release|x64.Build.0 = Release|x64
		{58AB4D0E-5F4D-49E9-9E67-6B249FBB172F}.Release|x86.ActiveCfg = Release|Win32
		{58AB4D0E-5F4D-49E9-9E67-6B249FBB172F}.Release|x86.Build.0 = Release|Win32
		{72DCC3AD-A757-404A-B4BB-7FC456A4BA76}.Debug|x64.ActiveCfg = Debug|x64
		{72DCC3AD-A757-404A-B4BB-7FC456A4BA76}.Debug|x64.Build.0 = Debug|x64
		{72DCC3AD-A757-404A-B4BB-7FC456A4BA76}.Debug|x86.ActiveCfg = Debug|Win32
		{72DCC3AD-A757-404A-B4BB-7FC456A4BA76}.Debug|x86.Build.0 = Debug|Win32
		{72DCC3AD-A757-404A-B4BB-7FC456A4BA76}.Release|x64.ActiveCfg = Release|x64
		{72DCC3AD-A757-404A-B4BB-7FC456A4BA76}.Release|x64.Build.0 = Release|x64
		{72DCC3AD-A757-404A-B4BB-7FC456A4BA76}.Release|x86.ActiveCfg = Release|Win32
		{72DCC3AD-A757-404A-B4BB-7FC456A4BA76}.Release|x86.Build.0 = Release|Win32
		{BAA8FC95-3FE1-4EFF-B74B-54B744841BB1}.Debug|x64.ActiveCfg = Debug|x64
		{BAA8FC95-3FE1-4EFF-B74B-54B744841BB1}.Debug|x64.Build.0 = Debug|x64
		{BAA8FC95-3FE1-4EFF-B74B-54B744841BB1}.Debug|x86.ActiveCfg = Debug|Win32
		{BAA8FC95-3FE1-4EFF-B74B-54B744841BB1}.Debug|x86.Build.0 = Debug|Win32
		{BAA8FC95-3FE1-4EFF-B74B-54B744841BB1}.Release|x64.ActiveCfg = Release|x64
		{BAA8FC95-3FE1-4EFF-B74B-54B744841BB1}.Release|x64.Build.0 = Release|x64
		{BAA8FC95-3FE1-4EFF-B74B-54B744841BB1}.Release|x86.ActiveCfg = Release|Win32
		{BAA8FC95-3FE1-4EFF-B74B-54B744841BB1}.Release|x86.Build.0 = Release|Win32
	EndGlobalSection
	GlobalSection(SolutionProperties) = preSolution
		HideSolutionNode = FALSE
	EndGlobalSection
	GlobalSection(ExtensibilityGlobals) = postSolution
		SolutionGuid = {5F258EAD-D51A-41CC-89AC-7EFC1CDE5199}
	EndGlobalSection
EndGlobal
